
Microsoft Visual Studio Solution File, Format Version 12.00
# Visual Studio Version 16
VisualStudioVersion = 16.0.31019.35
MinimumVisualStudioVersion = 10.0.40219.1
Project("{9A19103F-16F7-4668-BE54-9A1E7A4F7556}") = "Metotlar", "Metotlar\Metotlar.csproj", "{4981C4EE-21BF-4085-ADC1-AB9CB9A6C26B}"
EndProject
Project("{9A19103F-16F7-4668-BE54-9A1E7A4F7556}") = "Matematik", "Matematik\Matematik.csproj", "{C6358780-0B59-487D-A3E2-94C3F583C69A}"
EndProject
Project("{9A19103F-16F7-4668-BE54-9A1E7A4F7556}") = "DegerVeReferansTipler", "DegerVeReferansTipler\DegerVeReferansTipler.csproj", "{40407FF2-BEE2-417F-87A0-D4502988DE6A}"
EndProject
Project("{9A19103F-16F7-4668-BE54-9A1E7A4F7556}") = "RefKeyword", "RefKeyword\RefKeyword.csproj", "{CC2D63D3-04FD-42D6-9312-CA93CDF149BE}"
EndProject
Project("{9A19103F-16F7-4668-BE54-9A1E7A4F7556}") = "ClassMetotDemo", "ClassMetotDemo\ClassMetotDemo.csproj", "{BE9CBA38-6686-4678-BA5B-37C667571887}"
EndProject
Project("{9A19103F-16F7-4668-BE54-9A1E7A4F7556}") = "OOP1", "OOP1\OOP1.csproj", "{870ADEB5-9631-4BC3-ADAE-CEEF90950F97}"
EndProject
Project("{9A19103F-16F7-4668-BE54-9A1E7A4F7556}") = "Kolleksiyonlar", "Kolleksiyonlar\Kolleksiyonlar.csproj", "{16B2A305-605C-49BC-9F00-0DBE29F86BAD}"
EndProject
Project("{9A19103F-16F7-4668-BE54-9A1E7A4F7556}") = "GenericsIntro", "GenericsIntro\GenericsIntro.csproj", "{3C02FF0B-CF93-4DD4-92C5-C7E5561132F8}"
EndProject
Project("{9A19103F-16F7-4668-BE54-9A1E7A4F7556}") = "ReferenceTypes", "ReferenceTypes\ReferenceTypes.csproj", "{029DD1D8-4A95-4CF4-8DAD-48EDE79A219E}"
EndProject
Project("{9A19103F-16F7-4668-BE54-9A1E7A4F7556}") = "Constructors", "Constructors\Constructors.csproj", "{FD369691-E42C-4CD1-B3CA-65FC8911B9BC}"
EndProject
Project("{9A19103F-16F7-4668-BE54-9A1E7A4F7556}") = "Generics", "Generics\Generics.csproj", "{3D92DCB3-61ED-4003-83DE-475582573A78}"
EndProject
Project("{9A19103F-16F7-4668-BE54-9A1E7A4F7556}") = "Dictionary", "Dictionary\Dictionary.csproj", "{3E9B440A-CEA3-46C6-8AC8-6933317CA22E}"
EndProject
Project("{9A19103F-16F7-4668-BE54-9A1E7A4F7556}") = "Oop2", "Oop2\Oop2.csproj", "{2734AEFB-9C86-4E5E-A365-D38FD44B8E3E}"
EndProject
Project("{9A19103F-16F7-4668-BE54-9A1E7A4F7556}") = "OOP3", "OOP3\OOP3.csproj", "{EA20AD61-8C3B-43ED-BE22-8A2170188B75}"
EndProject
Project("{FAE04EC0-301F-11D3-BF4B-00C04F79EFBC}") = "RecapDemo1", "..\Demo Tahtası\RecapDemo1\RecapDemo1.csproj", "{51A74118-3C99-49A4-A06B-4BEEFAA9F664}"
EndProject
Project("{9A19103F-16F7-4668-BE54-9A1E7A4F7556}") = "InterfaceAbstractDemo", "InterfaceAbstractDemo\InterfaceAbstractDemo.csproj", "{4FA20785-70C6-48EB-A405-5D4758EF7295}"
EndProject
Project("{9A19103F-16F7-4668-BE54-9A1E7A4F7556}") = "GameProject", "..\Game Project\GameProject\GameProject.csproj", "{DB39145F-2B86-42DC-8F9B-F939B24900C6}"
EndProject
Project("{FAE04EC0-301F-11D3-BF4B-00C04F79EFBC}") = "LinqProject", "LinqProject\LinqProject.csproj", "{B3DA17C5-D37B-4462-B32A-87AFB4AB4602}"
EndProject
Global
	GlobalSection(SolutionConfigurationPlatforms) = preSolution
		Debug|Any CPU = Debug|Any CPU
		Release|Any CPU = Release|Any CPU
	EndGlobalSection
	GlobalSection(ProjectConfigurationPlatforms) = postSolution
		{4981C4EE-21BF-4085-ADC1-AB9CB9A6C26B}.Debug|Any CPU.ActiveCfg = Debug|Any CPU
		{4981C4EE-21BF-4085-ADC1-AB9CB9A6C26B}.Debug|Any CPU.Build.0 = Debug|Any CPU
		{4981C4EE-21BF-4085-ADC1-AB9CB9A6C26B}.Release|Any CPU.ActiveCfg = Release|Any CPU
		{4981C4EE-21BF-4085-ADC1-AB9CB9A6C26B}.Release|Any CPU.Build.0 = Release|Any CPU
		{C6358780-0B59-487D-A3E2-94C3F583C69A}.Debug|Any CPU.ActiveCfg = Debug|Any CPU
		{C6358780-0B59-487D-A3E2-94C3F583C69A}.Debug|Any CPU.Build.0 = Debug|Any CPU
		{C6358780-0B59-487D-A3E2-94C3F583C69A}.Release|Any CPU.ActiveCfg = Release|Any CPU
		{C6358780-0B59-487D-A3E2-94C3F583C69A}.Release|Any CPU.Build.0 = Release|Any CPU
		{40407FF2-BEE2-417F-87A0-D4502988DE6A}.Debug|Any CPU.ActiveCfg = Debug|Any CPU
		{40407FF2-BEE2-417F-87A0-D4502988DE6A}.Debug|Any CPU.Build.0 = Debug|Any CPU
		{40407FF2-BEE2-417F-87A0-D4502988DE6A}.Release|Any CPU.ActiveCfg = Release|Any CPU
		{40407FF2-BEE2-417F-87A0-D4502988DE6A}.Release|Any CPU.Build.0 = Release|Any CPU
		{CC2D63D3-04FD-42D6-9312-CA93CDF149BE}.Debug|Any CPU.ActiveCfg = Debug|Any CPU
		{CC2D63D3-04FD-42D6-9312-CA93CDF149BE}.Debug|Any CPU.Build.0 = Debug|Any CPU
		{CC2D63D3-04FD-42D6-9312-CA93CDF149BE}.Release|Any CPU.ActiveCfg = Release|Any CPU
		{CC2D63D3-04FD-42D6-9312-CA93CDF149BE}.Release|Any CPU.Build.0 = Release|Any CPU
		{BE9CBA38-6686-4678-BA5B-37C667571887}.Debug|Any CPU.ActiveCfg = Debug|Any CPU
		{BE9CBA38-6686-4678-BA5B-37C667571887}.Debug|Any CPU.Build.0 = Debug|Any CPU
		{BE9CBA38-6686-4678-BA5B-37C667571887}.Release|Any CPU.ActiveCfg = Release|Any CPU
		{BE9CBA38-6686-4678-BA5B-37C667571887}.Release|Any CPU.Build.0 = Release|Any CPU
		{870ADEB5-9631-4BC3-ADAE-CEEF90950F97}.Debug|Any CPU.ActiveCfg = Debug|Any CPU
		{870ADEB5-9631-4BC3-ADAE-CEEF90950F97}.Debug|Any CPU.Build.0 = Debug|Any CPU
		{870ADEB5-9631-4BC3-ADAE-CEEF90950F97}.Release|Any CPU.ActiveCfg = Release|Any CPU
		{870ADEB5-9631-4BC3-ADAE-CEEF90950F97}.Release|Any CPU.Build.0 = Release|Any CPU
		{16B2A305-605C-49BC-9F00-0DBE29F86BAD}.Debug|Any CPU.ActiveCfg = Debug|Any CPU
		{16B2A305-605C-49BC-9F00-0DBE29F86BAD}.Debug|Any CPU.Build.0 = Debug|Any CPU
		{16B2A305-605C-49BC-9F00-0DBE29F86BAD}.Release|Any CPU.ActiveCfg = Release|Any CPU
		{16B2A305-605C-49BC-9F00-0DBE29F86BAD}.Release|Any CPU.Build.0 = Release|Any CPU
		{3C02FF0B-CF93-4DD4-92C5-C7E5561132F8}.Debug|Any CPU.ActiveCfg = Debug|Any CPU
		{3C02FF0B-CF93-4DD4-92C5-C7E5561132F8}.Debug|Any CPU.Build.0 = Debug|Any CPU
		{3C02FF0B-CF93-4DD4-92C5-C7E5561132F8}.Release|Any CPU.ActiveCfg = Release|Any CPU
		{3C02FF0B-CF93-4DD4-92C5-C7E5561132F8}.Release|Any CPU.Build.0 = Release|Any CPU
		{029DD1D8-4A95-4CF4-8DAD-48EDE79A219E}.Debug|Any CPU.ActiveCfg = Debug|Any CPU
		{029DD1D8-4A95-4CF4-8DAD-48EDE79A219E}.Debug|Any CPU.Build.0 = Debug|Any CPU
		{029DD1D8-4A95-4CF4-8DAD-48EDE79A219E}.Release|Any CPU.ActiveCfg = Release|Any CPU
		{029DD1D8-4A95-4CF4-8DAD-48EDE79A219E}.Release|Any CPU.Build.0 = Release|Any CPU
		{FD369691-E42C-4CD1-B3CA-65FC8911B9BC}.Debug|Any CPU.ActiveCfg = Debug|Any CPU
		{FD369691-E42C-4CD1-B3CA-65FC8911B9BC}.Debug|Any CPU.Build.0 = Debug|Any CPU
		{FD369691-E42C-4CD1-B3CA-65FC8911B9BC}.Release|Any CPU.ActiveCfg = Release|Any CPU
		{FD369691-E42C-4CD1-B3CA-65FC8911B9BC}.Release|Any CPU.Build.0 = Release|Any CPU
		{3D92DCB3-61ED-4003-83DE-475582573A78}.Debug|Any CPU.ActiveCfg = Debug|Any CPU
		{3D92DCB3-61ED-4003-83DE-475582573A78}.Debug|Any CPU.Build.0 = Debug|Any CPU
		{3D92DCB3-61ED-4003-83DE-475582573A78}.Release|Any CPU.ActiveCfg = Release|Any CPU
		{3D92DCB3-61ED-4003-83DE-475582573A78}.Release|Any CPU.Build.0 = Release|Any CPU
		{3E9B440A-CEA3-46C6-8AC8-6933317CA22E}.Debug|Any CPU.ActiveCfg = Debug|Any CPU
		{3E9B440A-CEA3-46C6-8AC8-6933317CA22E}.Debug|Any CPU.Build.0 = Debug|Any CPU
		{3E9B440A-CEA3-46C6-8AC8-6933317CA22E}.Release|Any CPU.ActiveCfg = Release|Any CPU
		{3E9B440A-CEA3-46C6-8AC8-6933317CA22E}.Release|Any CPU.Build.0 = Release|Any CPU
		{2734AEFB-9C86-4E5E-A365-D38FD44B8E3E}.Debug|Any CPU.ActiveCfg = Debug|Any CPU
		{2734AEFB-9C86-4E5E-A365-D38FD44B8E3E}.Debug|Any CPU.Build.0 = Debug|Any CPU
		{2734AEFB-9C86-4E5E-A365-D38FD44B8E3E}.Release|Any CPU.ActiveCfg = Release|Any CPU
		{2734AEFB-9C86-4E5E-A365-D38FD44B8E3E}.Release|Any CPU.Build.0 = Release|Any CPU
		{EA20AD61-8C3B-43ED-BE22-8A2170188B75}.Debug|Any CPU.ActiveCfg = Debug|Any CPU
		{EA20AD61-8C3B-43ED-BE22-8A2170188B75}.Debug|Any CPU.Build.0 = Debug|Any CPU
		{EA20AD61-8C3B-43ED-BE22-8A2170188B75}.Release|Any CPU.ActiveCfg = Release|Any CPU
		{EA20AD61-8C3B-43ED-BE22-8A2170188B75}.Release|Any CPU.Build.0 = Release|Any CPU
		{51A74118-3C99-49A4-A06B-4BEEFAA9F664}.Debug|Any CPU.ActiveCfg = Debug|Any CPU
		{51A74118-3C99-49A4-A06B-4BEEFAA9F664}.Debug|Any CPU.Build.0 = Debug|Any CPU
		{51A74118-3C99-49A4-A06B-4BEEFAA9F664}.Release|Any CPU.ActiveCfg = Release|Any CPU
		{51A74118-3C99-49A4-A06B-4BEEFAA9F664}.Release|Any CPU.Build.0 = Release|Any CPU
		{4FA20785-70C6-48EB-A405-5D4758EF7295}.Debug|Any CPU.ActiveCfg = Debug|Any CPU
		{4FA20785-70C6-48EB-A405-5D4758EF7295}.Debug|Any CPU.Build.0 = Debug|Any CPU
		{4FA20785-70C6-48EB-A405-5D4758EF7295}.Release|Any CPU.ActiveCfg = Release|Any CPU
		{4FA20785-70C6-48EB-A405-5D4758EF7295}.Release|Any CPU.Build.0 = Release|Any CPU
		{DB39145F-2B86-42DC-8F9B-F939B24900C6}.Debug|Any CPU.ActiveCfg = Debug|Any CPU
		{DB39145F-2B86-42DC-8F9B-F939B24900C6}.Debug|Any CPU.Build.0 = Debug|Any CPU
		{DB39145F-2B86-42DC-8F9B-F939B24900C6}.Release|Any CPU.ActiveCfg = Release|Any CPU
		{DB39145F-2B86-42DC-8F9B-F939B24900C6}.Release|Any CPU.Build.0 = Release|Any CPU
		{B3DA17C5-D37B-4462-B32A-87AFB4AB4602}.Debug|Any CPU.ActiveCfg = Debug|Any CPU
		{B3DA17C5-D37B-4462-B32A-87AFB4AB4602}.Debug|Any CPU.Build.0 = Debug|Any CPU
		{B3DA17C5-D37B-4462-B32A-87AFB4AB4602}.Release|Any CPU.ActiveCfg = Release|Any CPU
		{B3DA17C5-D37B-4462-B32A-87AFB4AB4602}.Release|Any CPU.Build.0 = Release|Any CPU
	EndGlobalSection
	GlobalSection(SolutionProperties) = preSolution
		HideSolutionNode = FALSE
	EndGlobalSection
	GlobalSection(ExtensibilityGlobals) = postSolution
		SolutionGuid = {472CE6DA-6EFA-4BC7-8FDC-4453377BDECD}
	EndGlobalSection
EndGlobal
