
Microsoft Visual Studio Solution File, Format Version 12.00
# Visual Studio Version 16
VisualStudioVersion = 16.0.31019.35
MinimumVisualStudioVersion = 10.0.40219.1
Project("{9A19103F-16F7-4668-BE54-9A1E7A4F7556}") = "Metotlar", "Metotlar\Metotlar.csproj", "{4981C4EE-21BF-4085-ADC1-AB9CB9A6C26B}"
EndProject
Project("{9A19103F-16F7-4668-BE54-9A1E7A4F7556}") = "Matematik", "Matematik\Matematik.csproj", "{C6358780-0B59-487D-A3E2-94C3F583C69A}"
EndProject
Project("{9A19103F-16F7-4668-BE54-9A1E7A4F7556}") = "DegerVeReferansTipler", "DegerVeReferansTipler\DegerVeReferansTipler.csproj", "{40407FF2-BEE2-417F-87A0-D4502988DE6A}"
EndProject
Project("{9A19103F-16F7-4668-BE54-9A1E7A4F7556}") = "RefKeyword", "RefKeyword\RefKeyword.csproj", "{CC2D63D3-04FD-42D6-9312-CA93CDF149BE}"
EndProject
Project("{FAE04EC0-301F-11D3-BF4B-00C04F79EFBC}") = "ClassMetotDemo", "ClassMetotDemo\ClassMetotDemo.csproj", "{BE9CBA38-6686-4678-BA5B-37C667571887}"
EndProject
Global
	GlobalSection(SolutionConfigurationPlatforms) = preSolution
		Debug|Any CPU = Debug|Any CPU
		Release|Any CPU = Release|Any CPU
	EndGlobalSection
	GlobalSection(ProjectConfigurationPlatforms) = postSolution
		{4981C4EE-21BF-4085-ADC1-AB9CB9A6C26B}.Debug|Any CPU.ActiveCfg = Debug|Any CPU
		{4981C4EE-21BF-4085-ADC1-AB9CB9A6C26B}.Debug|Any CPU.Build.0 = Debug|Any CPU
		{4981C4EE-21BF-4085-ADC1-AB9CB9A6C26B}.Release|Any CPU.ActiveCfg = Release|Any CPU
		{4981C4EE-21BF-4085-ADC1-AB9CB9A6C26B}.Release|Any CPU.Build.0 = Release|Any CPU
		{C6358780-0B59-487D-A3E2-94C3F583C69A}.Debug|Any CPU.ActiveCfg = Debug|Any CPU
		{C6358780-0B59-487D-A3E2-94C3F583C69A}.Debug|Any CPU.Build.0 = Debug|Any CPU
		{C6358780-0B59-487D-A3E2-94C3F583C69A}.Release|Any CPU.ActiveCfg = Release|Any CPU
		{C6358780-0B59-487D-A3E2-94C3F583C69A}.Release|Any CPU.Build.0 = Release|Any CPU
		{40407FF2-BEE2-417F-87A0-D4502988DE6A}.Debug|Any CPU.ActiveCfg = Debug|Any CPU
		{40407FF2-BEE2-417F-87A0-D4502988DE6A}.Debug|Any CPU.Build.0 = Debug|Any CPU
		{40407FF2-BEE2-417F-87A0-D4502988DE6A}.Release|Any CPU.ActiveCfg = Release|Any CPU
		{40407FF2-BEE2-417F-87A0-D4502988DE6A}.Release|Any CPU.Build.0 = Release|Any CPU
		{CC2D63D3-04FD-42D6-9312-CA93CDF149BE}.Debug|Any CPU.ActiveCfg = Debug|Any CPU
		{CC2D63D3-04FD-42D6-9312-CA93CDF149BE}.Debug|Any CPU.Build.0 = Debug|Any CPU
		{CC2D63D3-04FD-42D6-9312-CA93CDF149BE}.Release|Any CPU.ActiveCfg = Release|Any CPU
		{CC2D63D3-04FD-42D6-9312-CA93CDF149BE}.Release|Any CPU.Build.0 = Release|Any CPU
		{BE9CBA38-6686-4678-BA5B-37C667571887}.Debug|Any CPU.ActiveCfg = Debug|Any CPU
		{BE9CBA38-6686-4678-BA5B-37C667571887}.Debug|Any CPU.Build.0 = Debug|Any CPU
		{BE9CBA38-6686-4678-BA5B-37C667571887}.Release|Any CPU.ActiveCfg = Release|Any CPU
		{BE9CBA38-6686-4678-BA5B-37C667571887}.Release|Any CPU.Build.0 = Release|Any CPU
	EndGlobalSection
	GlobalSection(SolutionProperties) = preSolution
		HideSolutionNode = FALSE
	EndGlobalSection
	GlobalSection(ExtensibilityGlobals) = postSolution
		SolutionGuid = {472CE6DA-6EFA-4BC7-8FDC-4453377BDECD}
	EndGlobalSection
EndGlobal
